PODS:
  - Flutter (1.0.0)
  - randomgenerator (0.0.1):
    - Flutter

DEPENDENCIES:
  - Flutter (from `Flutter`)
  - randomgenerator (from `.symlinks/plugins/randomgenerator/ios`)

EXTERNAL SOURCES:
  Flutter:
    :path: Flutter
  randomgenerator:
    :path: ".symlinks/plugins/randomgenerator/ios"

SPEC CHECKSUMS:
  Flutter: 434fef37c0980e73bb6479ef766c45957d4b510c
  randomgenerator: e806be085d8a16300e13f85d37c02de8295a0b9d

PODFILE CHECKSUM: aafe91acc616949ddb318b77800a7f51bffa2a4c

COCOAPODS: 1.10.0
